
Microsoft Visual Studio Solution File, Format Version 12.00
# Visual Studio 15
VisualStudioVersion = 15.0.28010.0
MinimumVisualStudioVersion = 10.0.40219.1
Project("{FAE04EC0-301F-11D3-BF4B-00C04F79EFBC}") = "WpfApp2", "WpfApp2\WpfApp2.csproj", "{61E1623C-BF44-4596-977C-5E1D10060506}"
EndProject
Project("{FAE04EC0-301F-11D3-BF4B-00C04F79EFBC}") = "TestProj1", "TestProj1\TestProj1.csproj", "{AA0AAA3A-831E-4BBD-9D47-C0C20A841B0D}"
EndProject
Global
	GlobalSection(SolutionConfigurationPlatforms) = preSolution
		Debug|Any CPU = Debug|Any CPU
		Release|Any CPU = Release|Any CPU
	EndGlobalSection
	GlobalSection(ProjectConfigurationPlatforms) = postSolution
		{61E1623C-BF44-4596-977C-5E1D10060506}.Debug|Any CPU.ActiveCfg = Debug|Any CPU
		{61E1623C-BF44-4596-977C-5E1D10060506}.Debug|Any CPU.Build.0 = Debug|Any CPU
		{61E1623C-BF44-4596-977C-5E1D10060506}.Release|Any CPU.ActiveCfg = Release|Any CPU
		{61E1623C-BF44-4596-977C-5E1D10060506}.Release|Any CPU.Build.0 = Release|Any CPU
		{AA0AAA3A-831E-4BBD-9D47-C0C20A841B0D}.Debug|Any CPU.ActiveCfg = Debug|Any CPU
		{AA0AAA3A-831E-4BBD-9D47-C0C20A841B0D}.Debug|Any CPU.Build.0 = Debug|Any CPU
		{AA0AAA3A-831E-4BBD-9D47-C0C20A841B0D}.Release|Any CPU.ActiveCfg = Release|Any CPU
		{AA0AAA3A-831E-4BBD-9D47-C0C20A841B0D}.Release|Any CPU.Build.0 = Release|Any CPU
	EndGlobalSection
	GlobalSection(SolutionProperties) = preSolution
		HideSolutionNode = FALSE
	EndGlobalSection
	GlobalSection(ExtensibilityGlobals) = postSolution
		SolutionGuid = {C27720DB-72CB-4865-8C48-4D811D7CE99F}
	EndGlobalSection
EndGlobal
